
Microsoft Visual Studio Solution File, Format Version 12.00
# Visual Studio Version 17
VisualStudioVersion = 17.5.33627.172
MinimumVisualStudioVersion = 10.0.40219.1
Project("{FAE04EC0-301F-11D3-BF4B-00C04F79EFBC}") = "Ovotrack4.ImageTag.Service", "src\Ovotrack4.ImageTag.Service\Ovotrack4.ImageTag.Service.csproj", "{0E1A9705-467E-4D60-9170-795E7BF458D5}"
EndProject
Global
	GlobalSection(SolutionConfigurationPlatforms) = preSolution
		Debug|Any CPU = Debug|Any CPU
		Release|Any CPU = Release|Any CPU
	EndGlobalSection
	GlobalSection(ProjectConfigurationPlatforms) = postSolution
		{0E1A9705-467E-4D60-9170-795E7BF458D5}.Debug|Any CPU.ActiveCfg = Debug|Any CPU
		{0E1A9705-467E-4D60-9170-795E7BF458D5}.Debug|Any CPU.Build.0 = Debug|Any CPU
		{0E1A9705-467E-4D60-9170-795E7BF458D5}.Release|Any CPU.ActiveCfg = Release|Any CPU
		{0E1A9705-467E-4D60-9170-795E7BF458D5}.Release|Any CPU.Build.0 = Release|Any CPU
	EndGlobalSection
	GlobalSection(SolutionProperties) = preSolution
		HideSolutionNode = FALSE
	EndGlobalSection
	GlobalSection(ExtensibilityGlobals) = postSolution
		SolutionGuid = {DFCD0243-61EA-4ECB-8D6D-9BDCC2CC404B}
	EndGlobalSection
EndGlobal
